
Microsoft Visual Studio Solution File, Format Version 12.00
# Visual Studio Version 16
VisualStudioVersion = 16.0.29201.188
MinimumVisualStudioVersion = 10.0.40219.1
Project("{FAE04EC0-301F-11D3-BF4B-00C04F79EFBC}") = "20211012", "20211012\20211012.csproj", "{B69D2BDF-F9FE-4CF5-AA4C-BDD7355FF360}"
EndProject
Global
	GlobalSection(SolutionConfigurationPlatforms) = preSolution
		Debug|Any CPU = Debug|Any CPU
		Release|Any CPU = Release|Any CPU
	EndGlobalSection
	GlobalSection(ProjectConfigurationPlatforms) = postSolution
		{B69D2BDF-F9FE-4CF5-AA4C-BDD7355FF360}.Debug|Any CPU.ActiveCfg = Debug|Any CPU
		{B69D2BDF-F9FE-4CF5-AA4C-BDD7355FF360}.Debug|Any CPU.Build.0 = Debug|Any CPU
		{B69D2BDF-F9FE-4CF5-AA4C-BDD7355FF360}.Release|Any CPU.ActiveCfg = Release|Any CPU
		{B69D2BDF-F9FE-4CF5-AA4C-BDD7355FF360}.Release|Any CPU.Build.0 = Release|Any CPU
	EndGlobalSection
	GlobalSection(SolutionProperties) = preSolution
		HideSolutionNode = FALSE
	EndGlobalSection
	GlobalSection(ExtensibilityGlobals) = postSolution
		SolutionGuid = {8DF39F7B-BA47-42D4-9730-0DF1B90E0DA6}
	EndGlobalSection
EndGlobal
